
Microsoft Visual Studio Solution File, Format Version 12.00
# Visual Studio Version 17
VisualStudioVersion = 17.7.34018.315
MinimumVisualStudioVersion = 10.0.40219.1
Project("{FAE04EC0-301F-11D3-BF4B-00C04F79EFBC}") = "MellemMod3Test", "MellemMod3Test\MellemMod3Test.csproj", "{A22918FB-6C24-4579-8DF1-529AA173287D}"
EndProject
Global
	GlobalSection(SolutionConfigurationPlatforms) = preSolution
		Debug|Any CPU = Debug|Any CPU
		Release|Any CPU = Release|Any CPU
	EndGlobalSection
	GlobalSection(ProjectConfigurationPlatforms) = postSolution
		{A22918FB-6C24-4579-8DF1-529AA173287D}.Debug|Any CPU.ActiveCfg = Debug|Any CPU
		{A22918FB-6C24-4579-8DF1-529AA173287D}.Debug|Any CPU.Build.0 = Debug|Any CPU
		{A22918FB-6C24-4579-8DF1-529AA173287D}.Release|Any CPU.ActiveCfg = Release|Any CPU
		{A22918FB-6C24-4579-8DF1-529AA173287D}.Release|Any CPU.Build.0 = Release|Any CPU
	EndGlobalSection
	GlobalSection(SolutionProperties) = preSolution
		HideSolutionNode = FALSE
	EndGlobalSection
	GlobalSection(ExtensibilityGlobals) = postSolution
		SolutionGuid = {D8859867-3AFB-4A93-999E-01AB7B8C5C10}
	EndGlobalSection
EndGlobal
